
Microsoft Visual Studio Solution File, Format Version 12.00
# Visual Studio Version 17
VisualStudioVersion = 17.7.34009.444
MinimumVisualStudioVersion = 10.0.40219.1
Project("{FAE04EC0-301F-11D3-BF4B-00C04F79EFBC}") = "WpfApp1", "WpfApp1.csproj", "{6FF5AFE0-1EA3-4C00-9FF0-19833E25E3A6}"
EndProject
Global
	GlobalSection(SolutionConfigurationPlatforms) = preSolution
		Debug|Any CPU = Debug|Any CPU
		Release|Any CPU = Release|Any CPU
	EndGlobalSection
	GlobalSection(ProjectConfigurationPlatforms) = postSolution
		{6FF5AFE0-1EA3-4C00-9FF0-19833E25E3A6}.Debug|Any CPU.ActiveCfg = Debug|Any CPU
		{6FF5AFE0-1EA3-4C00-9FF0-19833E25E3A6}.Debug|Any CPU.Build.0 = Debug|Any CPU
		{6FF5AFE0-1EA3-4C00-9FF0-19833E25E3A6}.Release|Any CPU.ActiveCfg = Release|Any CPU
		{6FF5AFE0-1EA3-4C00-9FF0-19833E25E3A6}.Release|Any CPU.Build.0 = Release|Any CPU
	EndGlobalSection
	GlobalSection(SolutionProperties) = preSolution
		HideSolutionNode = FALSE
	EndGlobalSection
	GlobalSection(ExtensibilityGlobals) = postSolution
		SolutionGuid = {F6E0E0C5-3417-4820-9822-4F0E8922B34E}
	EndGlobalSection
EndGlobal
